<?xml version="1.0" encoding="utf-8"?>
<Project ToolsVersion="4.0" xmlns="http://schemas.microsoft.com/developer/msbuild/2003">
  <ItemGroup>
    <ClCompile Include="addons\ofxDebugger\ofxDebugger.cpp" />
    <ClCompile Include="addons\ofxIni\ConvertUTF.c" />
    <ClCompile Include="addons\ofxIni\ofxIniFile.cpp" />
    <ClCompile Include="addons\ofxMemoryMapping\ofxMemoryMapping.cpp" />
    <ClCompile Include="addons\ofxGameStates\ofxGameEngine.cpp" />
    <ClCompile Include="addons\pystring\pystring.cpp" />
    <ClCompile Include="addons\ofxGameStates\ofxGameState.cpp" />
    <ClCompile Include="src\Keyboard\KeyboardInput.cpp" />
    <ClCompile Include="src\States\Console\ConsoleParser.cpp" />
    <ClCompile Include="src\States\ConsoleState.cpp" />
    <ClCompile Include="src\States\MenuState.cpp" />
    <ClCompile Include="src\States\PlayState.cpp" />
    <ClCompile Include="src\main.cpp" />
    <ClCompile Include="src\ofApp.cpp" />
    <ClCompile Include="src\States\Game\WorldSpawn.cpp" />
    <ClCompile Include="src\States\Game\WorldData\WorldData.cpp" />
    <ClCompile Include="src\States\Game\WorldData\Chunk.cpp" />
    <ClCompile Include="src\States\Game\Entities\EntityController.cpp" />
    <ClCompile Include="src\States\Game\Entities\Entity\Player.cpp" />
    <ClCompile Include="src\States\Game\Entities\Entity\Entity.cpp" />
    <ClCompile Include="src\States\Game\Entities\Entity\Camera\Camera.cpp" />
  </ItemGroup>
  <ItemGroup>
    <Filter Include="src">
      <UniqueIdentifier>{d8376475-7454-4a24-b08a-aac121d3ad6f}</UniqueIdentifier>
    </Filter>
  </ItemGroup>
  <ItemGroup>
    <ClInclude Include="addons\ofxDebugger\ofxDebugger.h" />
    <ClInclude Include="addons\ofxIni\ConvertUTF.h" />
    <ClInclude Include="addons\ofxIni\ofxIniFile.h" />
    <ClInclude Include="addons\ofxIni\SimpleIni.h" />
    <ClInclude Include="addons\ofxMemoryMapping\ofxMemoryMapping.h" />
    <ClInclude Include="addons\ofxGameStates\ofxGameState.h" />
    <ClInclude Include="addons\ofxGameStates\ofxGameEngine.h" />
    <ClInclude Include="addons\pystring\pystring.h" />
    <ClInclude Include="src\Keyboard\KeyboardInput.h" />
    <ClInclude Include="src\States\Console\Commands.h" />
    <ClInclude Include="src\States\Console\ConsoleParser.h" />
    <ClInclude Include="src\States\Game\Entities\Entity\Camera\Camera.h" />
    <ClInclude Include="src\States\Game\Entities\Entity\Entity.h" />
    <ClInclude Include="src\States\Game\Entities\Entity\Player.h" />
    <ClInclude Include="src\States\Game\Entities\EntityController.h" />
    <ClInclude Include="src\States\Game\WorldData\Chunk.h" />
    <ClInclude Include="src\States\Game\WorldData\WorldData.h" />
    <ClInclude Include="src\States\Game\WorldSpawn.h" />
    <ClInclude Include="src\States\ConsoleState.h" />
    <ClInclude Include="src\States\MenuState.h" />
    <ClInclude Include="src\States\PlayState.h" />
    <ClInclude Include="src\ofApp.h" />
    <ClInclude Include="addons\ofxTimer\ofxTimer.h" />
  </ItemGroup>
  <ItemGroup>
    <ResourceCompile Include="icon.rc" />
  </ItemGroup>
  <ItemGroup>
    <None Include="bin\settings.ini" />
    <None Include="README.md" />
  </ItemGroup>
</Project>